
Microsoft Visual Studio Solution File, Format Version 12.00
# Visual Studio Version 17
VisualStudioVersion = 17.7.34024.191
MinimumVisualStudioVersion = 10.0.40219.1
Project("{FAE04EC0-301F-11D3-BF4B-00C04F79EFBC}") = "Ejercicio_Final", "Ejercicio_Final.csproj", "{3BC0350A-C575-4A9C-9E8A-08F3F6F04894}"
EndProject
Global
	GlobalSection(SolutionConfigurationPlatforms) = preSolution
		Debug|Any CPU = Debug|Any CPU
		Release|Any CPU = Release|Any CPU
	EndGlobalSection
	GlobalSection(ProjectConfigurationPlatforms) = postSolution
		{3BC0350A-C575-4A9C-9E8A-08F3F6F04894}.Debug|Any CPU.ActiveCfg = Debug|Any CPU
		{3BC0350A-C575-4A9C-9E8A-08F3F6F04894}.Debug|Any CPU.Build.0 = Debug|Any CPU
		{3BC0350A-C575-4A9C-9E8A-08F3F6F04894}.Release|Any CPU.ActiveCfg = Release|Any CPU
		{3BC0350A-C575-4A9C-9E8A-08F3F6F04894}.Release|Any CPU.Build.0 = Release|Any CPU
	EndGlobalSection
	GlobalSection(SolutionProperties) = preSolution
		HideSolutionNode = FALSE
	EndGlobalSection
	GlobalSection(ExtensibilityGlobals) = postSolution
		SolutionGuid = {1980AEA5-28DE-49A4-AB42-EB9190627CF3}
	EndGlobalSection
EndGlobal
